
Microsoft Visual Studio Solution File, Format Version 12.00
# Visual Studio Version 16
VisualStudioVersion = 16.0.30804.86
MinimumVisualStudioVersion = 10.0.40219.1
Project("{9A19103F-16F7-4668-BE54-9A1E7A4F7556}") = "BlazorPeliculas.Server", "BlazorPeliculas\Server\BlazorPeliculas.Server.csproj", "{F98539BE-C54E-4BA9-8AF4-46D3FA2E492C}"
EndProject
Project("{9A19103F-16F7-4668-BE54-9A1E7A4F7556}") = "BlazorPeliculas.Client", "BlazorPeliculas\Client\BlazorPeliculas.Client.csproj", "{01B93F14-AB83-4C4C-BB98-93E500C3392C}"
EndProject
Project("{9A19103F-16F7-4668-BE54-9A1E7A4F7556}") = "BlazorPeliculas.Shared", "BlazorPeliculas\Shared\BlazorPeliculas.Shared.csproj", "{E651DA42-6892-48FE-AF24-E6C12BF974F8}"
EndProject
Global
	GlobalSection(SolutionConfigurationPlatforms) = preSolution
		Debug|Any CPU = Debug|Any CPU
		Release|Any CPU = Release|Any CPU
	EndGlobalSection
	GlobalSection(ProjectConfigurationPlatforms) = postSolution
		{F98539BE-C54E-4BA9-8AF4-46D3FA2E492C}.Debug|Any CPU.ActiveCfg = Debug|Any CPU
		{F98539BE-C54E-4BA9-8AF4-46D3FA2E492C}.Debug|Any CPU.Build.0 = Debug|Any CPU
		{F98539BE-C54E-4BA9-8AF4-46D3FA2E492C}.Release|Any CPU.ActiveCfg = Release|Any CPU
		{F98539BE-C54E-4BA9-8AF4-46D3FA2E492C}.Release|Any CPU.Build.0 = Release|Any CPU
		{01B93F14-AB83-4C4C-BB98-93E500C3392C}.Debug|Any CPU.ActiveCfg = Debug|Any CPU
		{01B93F14-AB83-4C4C-BB98-93E500C3392C}.Debug|Any CPU.Build.0 = Debug|Any CPU
		{01B93F14-AB83-4C4C-BB98-93E500C3392C}.Release|Any CPU.ActiveCfg = Release|Any CPU
		{01B93F14-AB83-4C4C-BB98-93E500C3392C}.Release|Any CPU.Build.0 = Release|Any CPU
		{E651DA42-6892-48FE-AF24-E6C12BF974F8}.Debug|Any CPU.ActiveCfg = Debug|Any CPU
		{E651DA42-6892-48FE-AF24-E6C12BF974F8}.Debug|Any CPU.Build.0 = Debug|Any CPU
		{E651DA42-6892-48FE-AF24-E6C12BF974F8}.Release|Any CPU.ActiveCfg = Release|Any CPU
		{E651DA42-6892-48FE-AF24-E6C12BF974F8}.Release|Any CPU.Build.0 = Release|Any CPU
	EndGlobalSection
	GlobalSection(SolutionProperties) = preSolution
		HideSolutionNode = FALSE
	EndGlobalSection
	GlobalSection(ExtensibilityGlobals) = postSolution
		SolutionGuid = {3DB438AC-2AAC-4F8D-B370-B3DB0B9764FD}
	EndGlobalSection
EndGlobal
